// !$*UTF8*$!
{
	archiveVersion = 1;
	classes = {
	};
	objectVersion = 51;
	objects = {

/* Begin PBXBuildFile section */
		444D50FD24E1292D00FB2400 /* AppDelegate.swift in Sources */ = {isa = PBXBuildFile; fileRef = 444D50FC24E1292D00FB2400 /* AppDelegate.swift */; };
		444D510124E1292D00FB2400 /* ViewController.swift in Sources */ = {isa = PBXBuildFile; fileRef = 444D510024E1292D00FB2400 /* ViewController.swift */; };
		444D510424E1292D00FB2400 /* Auth.storyboard in Resources */ = {isa = PBXBuildFile; fileRef = 444D510224E1292D00FB2400 /* Auth.storyboard */; };
		444D510624E1293000FB2400 /* Assets.xcassets in Resources */ = {isa = PBXBuildFile; fileRef = 444D510524E1293000FB2400 /* Assets.xcassets */; };
		444D510924E1293000FB2400 /* LaunchScreen.storyboard in Resources */ = {isa = PBXBuildFile; fileRef = 444D510724E1293000FB2400 /* LaunchScreen.storyboard */; };
		444D511424E12ACB00FB2400 /* AuthViewController.swift in Sources */ = {isa = PBXBuildFile; fileRef = 444D511324E12ACB00FB2400 /* AuthViewController.swift */; };
		444D511624E12ADB00FB2400 /* AuthViewModel.swift in Sources */ = {isa = PBXBuildFile; fileRef = 444D511524E12ADB00FB2400 /* AuthViewModel.swift */; };
		444D511924E12B8000FB2400 /* APIManager.swift in Sources */ = {isa = PBXBuildFile; fileRef = 444D511824E12B8000FB2400 /* APIManager.swift */; };
		444D511D24E1316C00FB2400 /* Constants.swift in Sources */ = {isa = PBXBuildFile; fileRef = 444D511C24E1316C00FB2400 /* Constants.swift */; };
		444D512024E14BFE00FB2400 /* Main.storyboard in Resources */ = {isa = PBXBuildFile; fileRef = 444D511F24E14BFE00FB2400 /* Main.storyboard */; };
		444D512424E1B1C900FB2400 /* OccurenceViewController.swift in Sources */ = {isa = PBXBuildFile; fileRef = 444D512324E1B1C900FB2400 /* OccurenceViewController.swift */; };
		444D512624E1B1DE00FB2400 /* OccurenceViewModel.swift in Sources */ = {isa = PBXBuildFile; fileRef = 444D512524E1B1DE00FB2400 /* OccurenceViewModel.swift */; };
		444D512B24E1D78A00FB2400 /* WelcomeViewController.swift in Sources */ = {isa = PBXBuildFile; fileRef = 444D512A24E1D78A00FB2400 /* WelcomeViewController.swift */; };
		448D8FF624E2F6120091FF27 /* UserModel.swift in Sources */ = {isa = PBXBuildFile; fileRef = 448D8FF524E2F6120091FF27 /* UserModel.swift */; };
		448D8FF824E2FA860091FF27 /* UserResponseModel.swift in Sources */ = {isa = PBXBuildFile; fileRef = 448D8FF724E2FA860091FF27 /* UserResponseModel.swift */; };
		448D8FFA24E2FAC50091FF27 /* ResponseErrorModel.swift in Sources */ = {isa = PBXBuildFile; fileRef = 448D8FF924E2FAC50091FF27 /* ResponseErrorModel.swift */; };
		448D8FFC24E2FB420091FF27 /* TextResponseModel.swift in Sources */ = {isa = PBXBuildFile; fileRef = 448D8FFB24E2FB420091FF27 /* TextResponseModel.swift */; };
		48305A19BDAFE1ADE23D851B /* Pods_CharOccurence.framework in Frameworks */ = {isa = PBXBuildFile; fileRef = 800F526E21CFD4066BD4A6A7 /* Pods_CharOccurence.framework */; };
/* End PBXBuildFile section */

/* Begin PBXFileReference section */
		444D50F924E1292D00FB2400 /* CharOccurence.app */ = {isa = PBXFileReference; explicitFileType = wrapper.application; includeInIndex = 0; path = CharOccurence.app; sourceTree = BUILT_PRODUCTS_DIR; };
		444D50FC24E1292D00FB2400 /* AppDelegate.swift */ = {isa = PBXFileReference; lastKnownFileType = sourcecode.swift; path = AppDelegate.swift; sourceTree = "<group>"; };
		444D510024E1292D00FB2400 /* ViewController.swift */ = {isa = PBXFileReference; lastKnownFileType = sourcecode.swift; path = ViewController.swift; sourceTree = "<group>"; };
		444D510324E1292D00FB2400 /* Base */ = {isa = PBXFileReference; lastKnownFileType = file.storyboard; name = Base; path = Base.lproj/Auth.storyboard; sourceTree = "<group>"; };
		444D510524E1293000FB2400 /* Assets.xcassets */ = {isa = PBXFileReference; lastKnownFileType = folder.assetcatalog; path = Assets.xcassets; sourceTree = "<group>"; };
		444D510824E1293000FB2400 /* Base */ = {isa = PBXFileReference; lastKnownFileType = file.storyboard; name = Base; path = Base.lproj/LaunchScreen.storyboard; sourceTree = "<group>"; };
		444D510A24E1293000FB2400 /* Info.plist */ = {isa = PBXFileReference; lastKnownFileType = text.plist.xml; path = Info.plist; sourceTree = "<group>"; };
		444D511324E12ACB00FB2400 /* AuthViewController.swift */ = {isa = PBXFileReference; lastKnownFileType = sourcecode.swift; path = AuthViewController.swift; sourceTree = "<group>"; };
		444D511524E12ADB00FB2400 /* AuthViewModel.swift */ = {isa = PBXFileReference; lastKnownFileType = sourcecode.swift; path = AuthViewModel.swift; sourceTree = "<group>"; };
		444D511824E12B8000FB2400 /* APIManager.swift */ = {isa = PBXFileReference; lastKnownFileType = sourcecode.swift; path = APIManager.swift; sourceTree = "<group>"; };
		444D511C24E1316C00FB2400 /* Constants.swift */ = {isa = PBXFileReference; lastKnownFileType = sourcecode.swift; path = Constants.swift; sourceTree = "<group>"; };
		444D511F24E14BFE00FB2400 /* Main.storyboard */ = {isa = PBXFileReference; lastKnownFileType = file.storyboard; path = Main.storyboard; sourceTree = "<group>"; };
		444D512324E1B1C900FB2400 /* OccurenceViewController.swift */ = {isa = PBXFileReference; lastKnownFileType = sourcecode.swift; path = OccurenceViewController.swift; sourceTree = "<group>"; };
		444D512524E1B1DE00FB2400 /* OccurenceViewModel.swift */ = {isa = PBXFileReference; lastKnownFileType = sourcecode.swift; path = OccurenceViewModel.swift; sourceTree = "<group>"; };
		444D512A24E1D78A00FB2400 /* WelcomeViewController.swift */ = {isa = PBXFileReference; lastKnownFileType = sourcecode.swift; path = WelcomeViewController.swift; sourceTree = "<group>"; };
		448D8FF524E2F6120091FF27 /* UserModel.swift */ = {isa = PBXFileReference; lastKnownFileType = sourcecode.swift; path = UserModel.swift; sourceTree = "<group>"; };
		448D8FF724E2FA860091FF27 /* UserResponseModel.swift */ = {isa = PBXFileReference; lastKnownFileType = sourcecode.swift; path = UserResponseModel.swift; sourceTree = "<group>"; };
		448D8FF924E2FAC50091FF27 /* ResponseErrorModel.swift */ = {isa = PBXFileReference; lastKnownFileType = sourcecode.swift; path = ResponseErrorModel.swift; sourceTree = "<group>"; };
		448D8FFB24E2FB420091FF27 /* TextResponseModel.swift */ = {isa = PBXFileReference; lastKnownFileType = sourcecode.swift; path = TextResponseModel.swift; sourceTree = "<group>"; };
		48A7FB3A7949FA0609A73C31 /* Pods-CharOccurence.release.xcconfig */ = {isa = PBXFileReference; includeInIndex = 1; lastKnownFileType = text.xcconfig; name = "Pods-CharOccurence.release.xcconfig"; path = "Target Support Files/Pods-CharOccurence/Pods-CharOccurence.release.xcconfig"; sourceTree = "<group>"; };
		491BABAED9594962A5891E38 /* Pods-CharOccurence.debug.xcconfig */ = {isa = PBXFileReference; includeInIndex = 1; lastKnownFileType = text.xcconfig; name = "Pods-CharOccurence.debug.xcconfig"; path = "Target Support Files/Pods-CharOccurence/Pods-CharOccurence.debug.xcconfig"; sourceTree = "<group>"; };
		800F526E21CFD4066BD4A6A7 /* Pods_CharOccurence.framework */ = {isa = PBXFileReference; explicitFileType = wrapper.framework; includeInIndex = 0; path = Pods_CharOccurence.framework; sourceTree = BUILT_PRODUCTS_DIR; };
/* End PBXFileReference section */

/* Begin PBXFrameworksBuildPhase section */
		444D50F624E1292D00FB2400 /* Frameworks */ = {
			isa = PBXFrameworksBuildPhase;
			buildActionMask = 2147483647;
			files = (
				48305A19BDAFE1ADE23D851B /* Pods_CharOccurence.framework in Frameworks */,
			);
			runOnlyForDeploymentPostprocessing = 0;
		};
/* End PBXFrameworksBuildPhase section */

/* Begin PBXGroup section */
		444D50F024E1292D00FB2400 = {
			isa = PBXGroup;
			children = (
				444D50FB24E1292D00FB2400 /* CharOccurence */,
				444D50FA24E1292D00FB2400 /* Products */,
				7A19C24D45866CB5F71B3E2C /* Pods */,
				608911E740E148B2C0B6619D /* Frameworks */,
			);
			sourceTree = "<group>";
		};
		444D50FA24E1292D00FB2400 /* Products */ = {
			isa = PBXGroup;
			children = (
				444D50F924E1292D00FB2400 /* CharOccurence.app */,
			);
			name = Products;
			sourceTree = "<group>";
		};
		444D50FB24E1292D00FB2400 /* CharOccurence */ = {
			isa = PBXGroup;
			children = (
				444D511724E12B6D00FB2400 /* Managers */,
				444D511B24E1316100FB2400 /* Support */,
				444D511E24E1329F00FB2400 /* Views */,
				444D511124E12A9600FB2400 /* Models */,
				444D511024E12A8D00FB2400 /* ViewControllers */,
				444D511A24E1315300FB2400 /* Storyboards */,
				444D50FC24E1292D00FB2400 /* AppDelegate.swift */,
				444D510024E1292D00FB2400 /* ViewController.swift */,
				444D510524E1293000FB2400 /* Assets.xcassets */,
				444D510A24E1293000FB2400 /* Info.plist */,
			);
			path = CharOccurence;
			sourceTree = "<group>";
		};
		444D511024E12A8D00FB2400 /* ViewControllers */ = {
			isa = PBXGroup;
			children = (
				444D512124E1B1B200FB2400 /* Main */,
				444D511224E12AA700FB2400 /* Auth */,
			);
			path = ViewControllers;
			sourceTree = "<group>";
		};
		444D511124E12A9600FB2400 /* Models */ = {
			isa = PBXGroup;
			children = (
				448D8FF524E2F6120091FF27 /* UserModel.swift */,
				448D8FF724E2FA860091FF27 /* UserResponseModel.swift */,
				448D8FF924E2FAC50091FF27 /* ResponseErrorModel.swift */,
				448D8FFB24E2FB420091FF27 /* TextResponseModel.swift */,
			);
			path = Models;
			sourceTree = "<group>";
		};
		444D511224E12AA700FB2400 /* Auth */ = {
			isa = PBXGroup;
			children = (
				444D512924E1D77900FB2400 /* Auth */,
				444D512824E1D77400FB2400 /* Welcome */,
			);
			path = Auth;
			sourceTree = "<group>";
		};
		444D511724E12B6D00FB2400 /* Managers */ = {
			isa = PBXGroup;
			children = (
				444D511824E12B8000FB2400 /* APIManager.swift */,
			);
			path = Managers;
			sourceTree = "<group>";
		};
		444D511A24E1315300FB2400 /* Storyboards */ = {
			isa = PBXGroup;
			children = (
				444D510224E1292D00FB2400 /* Auth.storyboard */,
				444D510724E1293000FB2400 /* LaunchScreen.storyboard */,
				444D511F24E14BFE00FB2400 /* Main.storyboard */,
			);
			path = Storyboards;
			sourceTree = "<group>";
		};
		444D511B24E1316100FB2400 /* Support */ = {
			isa = PBXGroup;
			children = (
				444D511C24E1316C00FB2400 /* Constants.swift */,
			);
			path = Support;
			sourceTree = "<group>";
		};
		444D511E24E1329F00FB2400 /* Views */ = {
			isa = PBXGroup;
			children = (
			);
			path = Views;
			sourceTree = "<group>";
		};
		444D512124E1B1B200FB2400 /* Main */ = {
			isa = PBXGroup;
			children = (
				444D512724E1D76A00FB2400 /* Occurence */,
			);
			path = Main;
			sourceTree = "<group>";
		};
		444D512724E1D76A00FB2400 /* Occurence */ = {
			isa = PBXGroup;
			children = (
				444D512324E1B1C900FB2400 /* OccurenceViewController.swift */,
				444D512524E1B1DE00FB2400 /* OccurenceViewModel.swift */,
			);
			path = Occurence;
			sourceTree = "<group>";
		};
		444D512824E1D77400FB2400 /* Welcome */ = {
			isa = PBXGroup;
			children = (
				444D512A24E1D78A00FB2400 /* WelcomeViewController.swift */,
			);
			path = Welcome;
			sourceTree = "<group>";
		};
		444D512924E1D77900FB2400 /* Auth */ = {
			isa = PBXGroup;
			children = (
				444D511324E12ACB00FB2400 /* AuthViewController.swift */,
				444D511524E12ADB00FB2400 /* AuthViewModel.swift */,
			);
			path = Auth;
			sourceTree = "<group>";
		};
		608911E740E148B2C0B6619D /* Frameworks */ = {
			isa = PBXGroup;
			children = (
				800F526E21CFD4066BD4A6A7 /* Pods_CharOccurence.framework */,
			);
			name = Frameworks;
			sourceTree = "<group>";
		};
		7A19C24D45866CB5F71B3E2C /* Pods */ = {
			isa = PBXGroup;
			children = (
				491BABAED9594962A5891E38 /* Pods-CharOccurence.debug.xcconfig */,
				48A7FB3A7949FA0609A73C31 /* Pods-CharOccurence.release.xcconfig */,
			);
			path = Pods;
			sourceTree = "<group>";
		};
/* End PBXGroup section */

/* Begin PBXNativeTarget section */
		444D50F824E1292D00FB2400 /* CharOccurence */ = {
			isa = PBXNativeTarget;
			buildConfigurationList = 444D510D24E1293000FB2400 /* Build configuration list for PBXNativeTarget "CharOccurence" */;
			buildPhases = (
				0BF6CA0EE778E551E3A7EDBB /* [CP] Check Pods Manifest.lock */,
				444D50F524E1292D00FB2400 /* Sources */,
				444D50F624E1292D00FB2400 /* Frameworks */,
				444D50F724E1292D00FB2400 /* Resources */,
				745DFBC8A56FB7B11AFD66A4 /* [CP] Embed Pods Frameworks */,
			);
			buildRules = (
			);
			dependencies = (
			);
			name = CharOccurence;
			productName = CharOccurence;
			productReference = 444D50F924E1292D00FB2400 /* CharOccurence.app */;
			productType = "com.apple.product-type.application";
		};
/* End PBXNativeTarget section */

/* Begin PBXProject section */
		444D50F124E1292D00FB2400 /* Project object */ = {
			isa = PBXProject;
			attributes = {
				LastSwiftUpdateCheck = 1160;
				LastUpgradeCheck = 1160;
				ORGANIZATIONNAME = hialex;
				TargetAttributes = {
					444D50F824E1292D00FB2400 = {
						CreatedOnToolsVersion = 11.6;
					};
				};
			};
			buildConfigurationList = 444D50F424E1292D00FB2400 /* Build configuration list for PBXProject "CharOccurence" */;
			compatibilityVersion = "Xcode 9.3";
			developmentRegion = en;
			hasScannedForEncodings = 0;
			knownRegions = (
				en,
				Base,
			);
			mainGroup = 444D50F024E1292D00FB2400;
			productRefGroup = 444D50FA24E1292D00FB2400 /* Products */;
			projectDirPath = "";
			projectRoot = "";
			targets = (
				444D50F824E1292D00FB2400 /* CharOccurence */,
			);
		};
/* End PBXProject section */

/* Begin PBXResourcesBuildPhase section */
		444D50F724E1292D00FB2400 /* Resources */ = {
			isa = PBXResourcesBuildPhase;
			buildActionMask = 2147483647;
			files = (
				444D510924E1293000FB2400 /* LaunchScreen.storyboard in Resources */,
				444D510624E1293000FB2400 /* Assets.xcassets in Resources */,
				444D510424E1292D00FB2400 /* Auth.storyboard in Resources */,
				444D512024E14BFE00FB2400 /* Main.storyboard in Resources */,
			);
			runOnlyForDeploymentPostprocessing = 0;
		};
/* End PBXResourcesBuildPhase section */

/* Begin PBXShellScriptBuildPhase section */
		0BF6CA0EE778E551E3A7EDBB /* [CP] Check Pods Manifest.lock */ = {
			isa = PBXShellScriptBuildPhase;
			buildActionMask = 2147483647;
			files = (
			);
			inputFileListPaths = (
			);
			inputPaths = (
				"${PODS_PODFILE_DIR_PATH}/Podfile.lock",
				"${PODS_ROOT}/Manifest.lock",
			);
			name = "[CP] Check Pods Manifest.lock";
			outputFileListPaths = (
			);
			outputPaths = (
				"$(DERIVED_FILE_DIR)/Pods-CharOccurence-checkManifestLockResult.txt",
			);
			runOnlyForDeploymentPostprocessing = 0;
			shellPath = /bin/sh;
			shellScript = "diff \"${PODS_PODFILE_DIR_PATH}/Podfile.lock\" \"${PODS_ROOT}/Manifest.lock\" > /dev/null\nif [ $? != 0 ] ; then\n    # print error to STDERR\n    echo \"error: The sandbox is not in sync with the Podfile.lock. Run 'pod install' or update your CocoaPods installation.\" >&2\n    exit 1\nfi\n# This output is used by Xcode 'outputs' to avoid re-running this script phase.\necho \"SUCCESS\" > \"${SCRIPT_OUTPUT_FILE_0}\"\n";
			showEnvVarsInLog = 0;
		};
		745DFBC8A56FB7B11AFD66A4 /* [CP] Embed Pods Frameworks */ = {
			isa = PBXShellScriptBuildPhase;
			buildActionMask = 2147483647;
			files = (
			);
			inputFileListPaths = (
				"${PODS_ROOT}/Target Support Files/Pods-CharOccurence/Pods-CharOccurence-frameworks-${CONFIGURATION}-input-files.xcfilelist",
			);
			name = "[CP] Embed Pods Frameworks";
			outputFileListPaths = (
				"${PODS_ROOT}/Target Support Files/Pods-CharOccurence/Pods-CharOccurence-frameworks-${CONFIGURATION}-output-files.xcfilelist",
			);
			runOnlyForDeploymentPostprocessing = 0;
			shellPath = /bin/sh;
			shellScript = "\"${PODS_ROOT}/Target Support Files/Pods-CharOccurence/Pods-CharOccurence-frameworks.sh\"\n";
			showEnvVarsInLog = 0;
		};
/* End PBXShellScriptBuildPhase section */

/* Begin PBXSourcesBuildPhase section */
		444D50F524E1292D00FB2400 /* Sources */ = {
			isa = PBXSourcesBuildPhase;
			buildActionMask = 2147483647;
			files = (
				444D512B24E1D78A00FB2400 /* WelcomeViewController.swift in Sources */,
				448D8FFA24E2FAC50091FF27 /* ResponseErrorModel.swift in Sources */,
				444D511624E12ADB00FB2400 /* AuthViewModel.swift in Sources */,
				444D511924E12B8000FB2400 /* APIManager.swift in Sources */,
				444D510124E1292D00FB2400 /* ViewController.swift in Sources */,
				444D511424E12ACB00FB2400 /* AuthViewController.swift in Sources */,
				444D512424E1B1C900FB2400 /* OccurenceViewController.swift in Sources */,
				444D50FD24E1292D00FB2400 /* AppDelegate.swift in Sources */,
				448D8FF824E2FA860091FF27 /* UserResponseModel.swift in Sources */,
				444D512624E1B1DE00FB2400 /* OccurenceViewModel.swift in Sources */,
				448D8FF624E2F6120091FF27 /* UserModel.swift in Sources */,
				444D511D24E1316C00FB2400 /* Constants.swift in Sources */,
				448D8FFC24E2FB420091FF27 /* TextResponseModel.swift in Sources */,
			);
			runOnlyForDeploymentPostprocessing = 0;
		};
/* End PBXSourcesBuildPhase section */

/* Begin PBXVariantGroup section */
		444D510224E1292D00FB2400 /* Auth.storyboard */ = {
			isa = PBXVariantGroup;
			children = (
				444D510324E1292D00FB2400 /* Base */,
			);
			name = Auth.storyboard;
			sourceTree = "<group>";
		};
		444D510724E1293000FB2400 /* LaunchScreen.storyboard */ = {
			isa = PBXVariantGroup;
			children = (
				444D510824E1293000FB2400 /* Base */,
			);
			name = LaunchScreen.storyboard;
			sourceTree = "<group>";
		};
/* End PBXVariantGroup section */

/* Begin XCBuildConfiguration section */
		444D510B24E1293000FB2400 /* Debug */ = {
			isa = XCBuildConfiguration;
			buildSettings = {
				ALWAYS_SEARCH_USER_PATHS = NO;
				CLANG_ANALYZER_NONNULL = YES;
				CLANG_ANALYZER_NUMBER_OBJECT_CONVERSION = YES_AGGRESSIVE;
				CLANG_CXX_LANGUAGE_STANDARD = "gnu++14";
				CLANG_CXX_LIBRARY = "libc++";
				CLANG_ENABLE_MODULES = YES;
				CLANG_ENABLE_OBJC_ARC = YES;
				CLANG_ENABLE_OBJC_WEAK = YES;
				CLANG_WARN_BLOCK_CAPTURE_AUTORELEASING = YES;
				CLANG_WARN_BOOL_CONVERSION = YES;
				CLANG_WARN_COMMA = YES;
				CLANG_WARN_CONSTANT_CONVERSION = YES;
				CLANG_WARN_DEPRECATED_OBJC_IMPLEMENTATIONS = YES;
				CLANG_WARN_DIRECT_OBJC_ISA_USAGE = YES_ERROR;
				CLANG_WARN_DOCUMENTATION_COMMENTS = YES;
				CLANG_WARN_EMPTY_BODY = YES;
				CLANG_WARN_ENUM_CONVERSION = YES;
				CLANG_WARN_INFINITE_RECURSION = YES;
				CLANG_WARN_INT_CONVERSION = YES;
				CLANG_WARN_NON_LITERAL_NULL_CONVERSION = YES;
				CLANG_WARN_OBJC_IMPLICIT_RETAIN_SELF = YES;
				CLANG_WARN_OBJC_LITERAL_CONVERSION = YES;
				CLANG_WARN_OBJC_ROOT_CLASS = YES_ERROR;
				CLANG_WARN_RANGE_LOOP_ANALYSIS = YES;
				CLANG_WARN_STRICT_PROTOTYPES = YES;
				CLANG_WARN_SUSPICIOUS_MOVE = YES;
				CLANG_WARN_UNGUARDED_AVAILABILITY = YES_AGGRESSIVE;
				CLANG_WARN_UNREACHABLE_CODE = YES;
				CLANG_WARN__DUPLICATE_METHOD_MATCH = YES;
				COPY_PHASE_STRIP = NO;
				DEBUG_INFORMATION_FORMAT = dwarf;
				ENABLE_STRICT_OBJC_MSGSEND = YES;
				ENABLE_TESTABILITY = YES;
				GCC_C_LANGUAGE_STANDARD = gnu11;
				GCC_DYNAMIC_NO_PIC = NO;
				GCC_NO_COMMON_BLOCKS = YES;
				GCC_OPTIMIZATION_LEVEL = 0;
				GCC_PREPROCESSOR_DEFINITIONS = (
					"DEBUG=1",
					"$(inherited)",
				);
				GCC_WARN_64_TO_32_BIT_CONVERSION = YES;
				GCC_WARN_ABOUT_RETURN_TYPE = YES_ERROR;
				GCC_WARN_UNDECLARED_SELECTOR = YES;
				GCC_WARN_UNINITIALIZED_AUTOS = YES_AGGRESSIVE;
				GCC_WARN_UNUSED_FUNCTION = YES;
				GCC_WARN_UNUSED_VARIABLE = YES;
				IPHONEOS_DEPLOYMENT_TARGET = 13.0;
				MTL_ENABLE_DEBUG_INFO = INCLUDE_SOURCE;
				MTL_FAST_MATH = YES;
				ONLY_ACTIVE_ARCH = YES;
				SDKROOT = iphoneos;
				SWIFT_ACTIVE_COMPILATION_CONDITIONS = DEBUG;
				SWIFT_OPTIMIZATION_LEVEL = "-Onone";
			};
			name = Debug;
		};
		444D510C24E1293000FB2400 /* Release */ = {
			isa = XCBuildConfiguration;
			buildSettings = {
				ALWAYS_SEARCH_USER_PATHS = NO;
				CLANG_ANALYZER_NONNULL = YES;
				CLANG_ANALYZER_NUMBER_OBJECT_CONVERSION = YES_AGGRESSIVE;
				CLANG_CXX_LANGUAGE_STANDARD = "gnu++14";
				CLANG_CXX_LIBRARY = "libc++";
				CLANG_ENABLE_MODULES = YES;
				CLANG_ENABLE_OBJC_ARC = YES;
				CLANG_ENABLE_OBJC_WEAK = YES;
				CLANG_WARN_BLOCK_CAPTURE_AUTORELEASING = YES;
				CLANG_WARN_BOOL_CONVERSION = YES;
				CLANG_WARN_COMMA = YES;
				CLANG_WARN_CONSTANT_CONVERSION = YES;
				CLANG_WARN_DEPRECATED_OBJC_IMPLEMENTATIONS = YES;
				CLANG_WARN_DIRECT_OBJC_ISA_USAGE = YES_ERROR;
				CLANG_WARN_DOCUMENTATION_COMMENTS = YES;
				CLANG_WARN_EMPTY_BODY = YES;
				CLANG_WARN_ENUM_CONVERSION = YES;
				CLANG_WARN_INFINITE_RECURSION = YES;
				CLANG_WARN_INT_CONVERSION = YES;
				CLANG_WARN_NON_LITERAL_NULL_CONVERSION = YES;
				CLANG_WARN_OBJC_IMPLICIT_RETAIN_SELF = YES;
				CLANG_WARN_OBJC_LITERAL_CONVERSION = YES;
				CLANG_WARN_OBJC_ROOT_CLASS = YES_ERROR;
				CLANG_WARN_RANGE_LOOP_ANALYSIS = YES;
				CLANG_WARN_STRICT_PROTOTYPES = YES;
				CLANG_WARN_SUSPICIOUS_MOVE = YES;
				CLANG_WARN_UNGUARDED_AVAILABILITY = YES_AGGRESSIVE;
				CLANG_WARN_UNREACHABLE_CODE = YES;
				CLANG_WARN__DUPLICATE_METHOD_MATCH = YES;
				COPY_PHASE_STRIP = NO;
				DEBUG_INFORMATION_FORMAT = "dwarf-with-dsym";
				ENABLE_NS_ASSERTIONS = NO;
				ENABLE_STRICT_OBJC_MSGSEND = YES;
				GCC_C_LANGUAGE_STANDARD = gnu11;
				GCC_NO_COMMON_BLOCKS = YES;
				GCC_WARN_64_TO_32_BIT_CONVERSION = YES;
				GCC_WARN_ABOUT_RETURN_TYPE = YES_ERROR;
				GCC_WARN_UNDECLARED_SELECTOR = YES;
				GCC_WARN_UNINITIALIZED_AUTOS = YES_AGGRESSIVE;
				GCC_WARN_UNUSED_FUNCTION = YES;
				GCC_WARN_UNUSED_VARIABLE = YES;
				IPHONEOS_DEPLOYMENT_TARGET = 13.0;
				MTL_ENABLE_DEBUG_INFO = NO;
				MTL_FAST_MATH = YES;
				SDKROOT = iphoneos;
				SWIFT_COMPILATION_MODE = wholemodule;
				SWIFT_OPTIMIZATION_LEVEL = "-O";
				VALIDATE_PRODUCT = YES;
			};
			name = Release;
		};
		444D510E24E1293000FB2400 /* Debug */ = {
			isa = XCBuildConfiguration;
			baseConfigurationReference = 491BABAED9594962A5891E38 /* Pods-CharOccurence.debug.xcconfig */;
			buildSettings = {
				ASSETCATALOG_COMPILER_APPICON_NAME = AppIcon;
				CODE_SIGN_STYLE = Automatic;
				DEVELOPMENT_TEAM = V78KN6V8CS;
				INFOPLIST_FILE = CharOccurence/Info.plist;
				LD_RUNPATH_SEARCH_PATHS = (
					"$(inherited)",
					"@executable_path/Frameworks",
				);
				PRODUCT_BUNDLE_IDENTIFIER = com.hialex.CharOccurence;
				PRODUCT_NAME = "$(TARGET_NAME)";
				SWIFT_VERSION = 5.0;
				TARGETED_DEVICE_FAMILY = 1;
			};
			name = Debug;
		};
		444D510F24E1293000FB2400 /* Release */ = {
			isa = XCBuildConfiguration;
			baseConfigurationReference = 48A7FB3A7949FA0609A73C31 /* Pods-CharOccurence.release.xcconfig */;
			buildSettings = {
				ASSETCATALOG_COMPILER_APPICON_NAME = AppIcon;
				CODE_SIGN_STYLE = Automatic;
				DEVELOPMENT_TEAM = V78KN6V8CS;
				INFOPLIST_FILE = CharOccurence/Info.plist;
				LD_RUNPATH_SEARCH_PATHS = (
					"$(inherited)",
					"@executable_path/Frameworks",
				);
				PRODUCT_BUNDLE_IDENTIFIER = com.hialex.CharOccurence;
				PRODUCT_NAME = "$(TARGET_NAME)";
				SWIFT_VERSION = 5.0;
				TARGETED_DEVICE_FAMILY = 1;
			};
			name = Release;
		};
/* End XCBuildConfiguration section */

/* Begin XCConfigurationList section */
		444D50F424E1292D00FB2400 /* Build configuration list for PBXProject "CharOccurence" */ = {
			isa = XCConfigurationList;
			buildConfigurations = (
				444D510B24E1293000FB2400 /* Debug */,
				444D510C24E1293000FB2400 /* Release */,
			);
			defaultConfigurationIsVisible = 0;
			defaultConfigurationName = Release;
		};
		444D510D24E1293000FB2400 /* Build configuration list for PBXNativeTarget "CharOccurence" */ = {
			isa = XCConfigurationList;
			buildConfigurations = (
				444D510E24E1293000FB2400 /* Debug */,
				444D510F24E1293000FB2400 /* Release */,
			);
			defaultConfigurationIsVisible = 0;
			defaultConfigurationName = Release;
		};
/* End XCConfigurationList section */
	};
	rootObject = 444D50F124E1292D00FB2400 /* Project object */;
}
